// !$*UTF8*$!
{
	archiveVersion = 1;
	classes = {
	};
	objectVersion = 50;
	objects = {

/* Begin PBXBuildFile section */
		533440B0229DFD00002D6E22 /* AppDelegate.swift in Sources */ = {isa = PBXBuildFile; fileRef = 533440AF229DFD00002D6E22 /* AppDelegate.swift */; };
		533440B2229DFD00002D6E22 /* ViewController.swift in Sources */ = {isa = PBXBuildFile; fileRef = 533440B1229DFD00002D6E22 /* ViewController.swift */; };
		533440B5229DFD00002D6E22 /* Main.storyboard in Resources */ = {isa = PBXBuildFile; fileRef = 533440B3229DFD00002D6E22 /* Main.storyboard */; };
		533440B7229DFD02002D6E22 /* Assets.xcassets in Resources */ = {isa = PBXBuildFile; fileRef = 533440B6229DFD02002D6E22 /* Assets.xcassets */; };
		533440BA229DFD02002D6E22 /* LaunchScreen.storyboard in Resources */ = {isa = PBXBuildFile; fileRef = 533440B8229DFD02002D6E22 /* LaunchScreen.storyboard */; };
		D135265A40E2B48A3BB756CA /* Pods_BydrecTest.framework in Frameworks */ = {isa = PBXBuildFile; fileRef = C89F6CDC463A56768CFA672E /* Pods_BydrecTest.framework */; };
/* End PBXBuildFile section */

/* Begin PBXFileReference section */
		102CE5F7A80C0B71F51B18D6 /* Pods-BydrecTest.debug.xcconfig */ = {isa = PBXFileReference; includeInIndex = 1; lastKnownFileType = text.xcconfig; name = "Pods-BydrecTest.debug.xcconfig"; path = "Target Support Files/Pods-BydrecTest/Pods-BydrecTest.debug.xcconfig"; sourceTree = "<group>"; };
		533440AC229DFD00002D6E22 /* BydrecTest.app */ = {isa = PBXFileReference; explicitFileType = wrapper.application; includeInIndex = 0; path = BydrecTest.app; sourceTree = BUILT_PRODUCTS_DIR; };
		533440AF229DFD00002D6E22 /* AppDelegate.swift */ = {isa = PBXFileReference; lastKnownFileType = sourcecode.swift; path = AppDelegate.swift; sourceTree = "<group>"; };
		533440B1229DFD00002D6E22 /* ViewController.swift */ = {isa = PBXFileReference; lastKnownFileType = sourcecode.swift; path = ViewController.swift; sourceTree = "<group>"; };
		533440B4229DFD00002D6E22 /* Base */ = {isa = PBXFileReference; lastKnownFileType = file.storyboard; name = Base; path = Base.lproj/Main.storyboard; sourceTree = "<group>"; };
		533440B6229DFD02002D6E22 /* Assets.xcassets */ = {isa = PBXFileReference; lastKnownFileType = folder.assetcatalog; path = Assets.xcassets; sourceTree = "<group>"; };
		533440B9229DFD02002D6E22 /* Base */ = {isa = PBXFileReference; lastKnownFileType = file.storyboard; name = Base; path = Base.lproj/LaunchScreen.storyboard; sourceTree = "<group>"; };
		533440BB229DFD02002D6E22 /* Info.plist */ = {isa = PBXFileReference; lastKnownFileType = text.plist.xml; path = Info.plist; sourceTree = "<group>"; };
		6C6344C2A4CF7F1274898942 /* Pods-BydrecTest.release.xcconfig */ = {isa = PBXFileReference; includeInIndex = 1; lastKnownFileType = text.xcconfig; name = "Pods-BydrecTest.release.xcconfig"; path = "Target Support Files/Pods-BydrecTest/Pods-BydrecTest.release.xcconfig"; sourceTree = "<group>"; };
		C89F6CDC463A56768CFA672E /* Pods_BydrecTest.framework */ = {isa = PBXFileReference; explicitFileType = wrapper.framework; includeInIndex = 0; path = Pods_BydrecTest.framework; sourceTree = BUILT_PRODUCTS_DIR; };
/* End PBXFileReference section */

/* Begin PBXFrameworksBuildPhase section */
		533440A9229DFD00002D6E22 /* Frameworks */ = {
			isa = PBXFrameworksBuildPhase;
			buildActionMask = 2147483647;
			files = (
				D135265A40E2B48A3BB756CA /* Pods_BydrecTest.framework in Frameworks */,
			);
			runOnlyForDeploymentPostprocessing = 0;
		};
/* End PBXFrameworksBuildPhase section */

/* Begin PBXGroup section */
		1ADA86CF6DC177194CE5C334 /* Pods */ = {
			isa = PBXGroup;
			children = (
				102CE5F7A80C0B71F51B18D6 /* Pods-BydrecTest.debug.xcconfig */,
				6C6344C2A4CF7F1274898942 /* Pods-BydrecTest.release.xcconfig */,
			);
			name = Pods;
			path = Pods;
			sourceTree = "<group>";
		};
		533440A3229DFD00002D6E22 = {
			isa = PBXGroup;
			children = (
				533440AE229DFD00002D6E22 /* BydrecTest */,
				533440AD229DFD00002D6E22 /* Products */,
				1ADA86CF6DC177194CE5C334 /* Pods */,
				755F800E5639D17E3CCF0054 /* Frameworks */,
			);
			sourceTree = "<group>";
		};
		533440AD229DFD00002D6E22 /* Products */ = {
			isa = PBXGroup;
			children = (
				533440AC229DFD00002D6E22 /* BydrecTest.app */,
			);
			name = Products;
			sourceTree = "<group>";
		};
		533440AE229DFD00002D6E22 /* BydrecTest */ = {
			isa = PBXGroup;
			children = (
				533440AF229DFD00002D6E22 /* AppDelegate.swift */,
				533440B1229DFD00002D6E22 /* ViewController.swift */,
				533440B3229DFD00002D6E22 /* Main.storyboard */,
				533440B6229DFD02002D6E22 /* Assets.xcassets */,
				533440B8229DFD02002D6E22 /* LaunchScreen.storyboard */,
				533440BB229DFD02002D6E22 /* Info.plist */,
			);
			path = BydrecTest;
			sourceTree = "<group>";
		};
		755F800E5639D17E3CCF0054 /* Frameworks */ = {
			isa = PBXGroup;
			children = (
				C89F6CDC463A56768CFA672E /* Pods_BydrecTest.framework */,
			);
			name = Frameworks;
			sourceTree = "<group>";
		};
/* End PBXGroup section */

/* Begin PBXNativeTarget section */
		533440AB229DFD00002D6E22 /* BydrecTest */ = {
			isa = PBXNativeTarget;
			buildConfigurationList = 533440BE229DFD02002D6E22 /* Build configuration list for PBXNativeTarget "BydrecTest" */;
			buildPhases = (
				BBE679583B942639ED2A5E03 /* [CP] Check Pods Manifest.lock */,
				533440A8229DFD00002D6E22 /* Sources */,
				533440A9229DFD00002D6E22 /* Frameworks */,
				533440AA229DFD00002D6E22 /* Resources */,
			);
			buildRules = (
			);
			dependencies = (
			);
			name = BydrecTest;
			productName = BydrecTest;
			productReference = 533440AC229DFD00002D6E22 /* BydrecTest.app */;
			productType = "com.apple.product-type.application";
		};
/* End PBXNativeTarget section */

/* Begin PBXProject section */
		533440A4229DFD00002D6E22 /* Project object */ = {
			isa = PBXProject;
			attributes = {
				LastSwiftUpdateCheck = 1020;
				LastUpgradeCheck = 1020;
				ORGANIZATIONNAME = marianocornejo;
				TargetAttributes = {
					533440AB229DFD00002D6E22 = {
						CreatedOnToolsVersion = 10.2.1;
					};
				};
			};
			buildConfigurationList = 533440A7229DFD00002D6E22 /* Build configuration list for PBXProject "BydrecTest" */;
			compatibilityVersion = "Xcode 9.3";
			developmentRegion = en;
			hasScannedForEncodings = 0;
			knownRegions = (
				en,
				Base,
			);
			mainGroup = 533440A3229DFD00002D6E22;
			productRefGroup = 533440AD229DFD00002D6E22 /* Products */;
			projectDirPath = "";
			projectRoot = "";
			targets = (
				533440AB229DFD00002D6E22 /* BydrecTest */,
			);
		};
/* End PBXProject section */

/* Begin PBXResourcesBuildPhase section */
		533440AA229DFD00002D6E22 /* Resources */ = {
			isa = PBXResourcesBuildPhase;
			buildActionMask = 2147483647;
			files = (
				533440BA229DFD02002D6E22 /* LaunchScreen.storyboard in Resources */,
				533440B7229DFD02002D6E22 /* Assets.xcassets in Resources */,
				533440B5229DFD00002D6E22 /* Main.storyboard in Resources */,
			);
			runOnlyForDeploymentPostprocessing = 0;
		};
/* End PBXResourcesBuildPhase section */

/* Begin PBXShellScriptBuildPhase section */
		BBE679583B942639ED2A5E03 /* [CP] Check Pods Manifest.lock */ = {
			isa = PBXShellScriptBuildPhase;
			buildActionMask = 2147483647;
			files = (
			);
			inputFileListPaths = (
			);
			inputPaths = (
				"${PODS_PODFILE_DIR_PATH}/Podfile.lock",
				"${PODS_ROOT}/Manifest.lock",
			);
			name = "[CP] Check Pods Manifest.lock";
			outputFileListPaths = (
			);
			outputPaths = (
				"$(DERIVED_FILE_DIR)/Pods-BydrecTest-checkManifestLockResult.txt",
			);
			runOnlyForDeploymentPostprocessing = 0;
			shellPath = /bin/sh;
			shellScript = "diff \"${PODS_PODFILE_DIR_PATH}/Podfile.lock\" \"${PODS_ROOT}/Manifest.lock\" > /dev/null\nif [ $? != 0 ] ; then\n    # print error to STDERR\n    echo \"error: The sandbox is not in sync with the Podfile.lock. Run 'pod install' or update your CocoaPods installation.\" >&2\n    exit 1\nfi\n# This output is used by Xcode 'outputs' to avoid re-running this script phase.\necho \"SUCCESS\" > \"${SCRIPT_OUTPUT_FILE_0}\"\n";
			showEnvVarsInLog = 0;
		};
/* End PBXShellScriptBuildPhase section */

/* Begin PBXSourcesBuildPhase section */
		533440A8229DFD00002D6E22 /* Sources */ = {
			isa = PBXSourcesBuildPhase;
			buildActionMask = 2147483647;
			files = (
				533440B2229DFD00002D6E22 /* ViewController.swift in Sources */,
				533440B0229DFD00002D6E22 /* AppDelegate.swift in Sources */,
			);
			runOnlyForDeploymentPostprocessing = 0;
		};
/* End PBXSourcesBuildPhase section */

/* Begin PBXVariantGroup section */
		533440B3229DFD00002D6E22 /* Main.storyboard */ = {
			isa = PBXVariantGroup;
			children = (
				533440B4229DFD00002D6E22 /* Base */,
			);
			name = Main.storyboard;
			sourceTree = "<group>";
		};
		533440B8229DFD02002D6E22 /* LaunchScreen.storyboard */ = {
			isa = PBXVariantGroup;
			children = (
				533440B9229DFD02002D6E22 /* Base */,
			);
			name = LaunchScreen.storyboard;
			sourceTree = "<group>";
		};
/* End PBXVariantGroup section */

/* Begin XCBuildConfiguration section */
		533440BC229DFD02002D6E22 /* Debug */ = {
			isa = XCBuildConfiguration;
			buildSettings = {
				ALWAYS_SEARCH_USER_PATHS = NO;
				CLANG_ANALYZER_NONNULL = YES;
				CLANG_ANALYZER_NUMBER_OBJECT_CONVERSION = YES_AGGRESSIVE;
				CLANG_CXX_LANGUAGE_STANDARD = "gnu++14";
				CLANG_CXX_LIBRARY = "libc++";
				CLANG_ENABLE_MODULES = YES;
				CLANG_ENABLE_OBJC_ARC = YES;
				CLANG_ENABLE_OBJC_WEAK = YES;
				CLANG_WARN_BLOCK_CAPTURE_AUTORELEASING = YES;
				CLANG_WARN_BOOL_CONVERSION = YES;
				CLANG_WARN_COMMA = YES;
				CLANG_WARN_CONSTANT_CONVERSION = YES;
				CLANG_WARN_DEPRECATED_OBJC_IMPLEMENTATIONS = YES;
				CLANG_WARN_DIRECT_OBJC_ISA_USAGE = YES_ERROR;
				CLANG_WARN_DOCUMENTATION_COMMENTS = YES;
				CLANG_WARN_EMPTY_BODY = YES;
				CLANG_WARN_ENUM_CONVERSION = YES;
				CLANG_WARN_INFINITE_RECURSION = YES;
				CLANG_WARN_INT_CONVERSION = YES;
				CLANG_WARN_NON_LITERAL_NULL_CONVERSION = YES;
				CLANG_WARN_OBJC_IMPLICIT_RETAIN_SELF = YES;
				CLANG_WARN_OBJC_LITERAL_CONVERSION = YES;
				CLANG_WARN_OBJC_ROOT_CLASS = YES_ERROR;
				CLANG_WARN_RANGE_LOOP_ANALYSIS = YES;
				CLANG_WARN_STRICT_PROTOTYPES = YES;
				CLANG_WARN_SUSPICIOUS_MOVE = YES;
				CLANG_WARN_UNGUARDED_AVAILABILITY = YES_AGGRESSIVE;
				CLANG_WARN_UNREACHABLE_CODE = YES;
				CLANG_WARN__DUPLICATE_METHOD_MATCH = YES;
				CODE_SIGN_IDENTITY = "iPhone Developer";
				COPY_PHASE_STRIP = NO;
				DEBUG_INFORMATION_FORMAT = dwarf;
				ENABLE_STRICT_OBJC_MSGSEND = YES;
				ENABLE_TESTABILITY = YES;
				GCC_C_LANGUAGE_STANDARD = gnu11;
				GCC_DYNAMIC_NO_PIC = NO;
				GCC_NO_COMMON_BLOCKS = YES;
				GCC_OPTIMIZATION_LEVEL = 0;
				GCC_PREPROCESSOR_DEFINITIONS = (
					"DEBUG=1",
					"$(inherited)",
				);
				GCC_WARN_64_TO_32_BIT_CONVERSION = YES;
				GCC_WARN_ABOUT_RETURN_TYPE = YES_ERROR;
				GCC_WARN_UNDECLARED_SELECTOR = YES;
				GCC_WARN_UNINITIALIZED_AUTOS = YES_AGGRESSIVE;
				GCC_WARN_UNUSED_FUNCTION = YES;
				GCC_WARN_UNUSED_VARIABLE = YES;
				IPHONEOS_DEPLOYMENT_TARGET = 12.2;
				MTL_ENABLE_DEBUG_INFO = INCLUDE_SOURCE;
				MTL_FAST_MATH = YES;
				ONLY_ACTIVE_ARCH = YES;
				SDKROOT = iphoneos;
				SWIFT_ACTIVE_COMPILATION_CONDITIONS = DEBUG;
				SWIFT_OPTIMIZATION_LEVEL = "-Onone";
			};
			name = Debug;
		};
		533440BD229DFD02002D6E22 /* Release */ = {
			isa = XCBuildConfiguration;
			buildSettings = {
				ALWAYS_SEARCH_USER_PATHS = NO;
				CLANG_ANALYZER_NONNULL = YES;
				CLANG_ANALYZER_NUMBER_OBJECT_CONVERSION = YES_AGGRESSIVE;
				CLANG_CXX_LANGUAGE_STANDARD = "gnu++14";
				CLANG_CXX_LIBRARY = "libc++";
				CLANG_ENABLE_MODULES = YES;
				CLANG_ENABLE_OBJC_ARC = YES;
				CLANG_ENABLE_OBJC_WEAK = YES;
				CLANG_WARN_BLOCK_CAPTURE_AUTORELEASING = YES;
				CLANG_WARN_BOOL_CONVERSION = YES;
				CLANG_WARN_COMMA = YES;
				CLANG_WARN_CONSTANT_CONVERSION = YES;
				CLANG_WARN_DEPRECATED_OBJC_IMPLEMENTATIONS = YES;
				CLANG_WARN_DIRECT_OBJC_ISA_USAGE = YES_ERROR;
				CLANG_WARN_DOCUMENTATION_COMMENTS = YES;
				CLANG_WARN_EMPTY_BODY = YES;
				CLANG_WARN_ENUM_CONVERSION = YES;
				CLANG_WARN_INFINITE_RECURSION = YES;
				CLANG_WARN_INT_CONVERSION = YES;
				CLANG_WARN_NON_LITERAL_NULL_CONVERSION = YES;
				CLANG_WARN_OBJC_IMPLICIT_RETAIN_SELF = YES;
				CLANG_WARN_OBJC_LITERAL_CONVERSION = YES;
				CLANG_WARN_OBJC_ROOT_CLASS = YES_ERROR;
				CLANG_WARN_RANGE_LOOP_ANALYSIS = YES;
				CLANG_WARN_STRICT_PROTOTYPES = YES;
				CLANG_WARN_SUSPICIOUS_MOVE = YES;
				CLANG_WARN_UNGUARDED_AVAILABILITY = YES_AGGRESSIVE;
				CLANG_WARN_UNREACHABLE_CODE = YES;
				CLANG_WARN__DUPLICATE_METHOD_MATCH = YES;
				CODE_SIGN_IDENTITY = "iPhone Developer";
				COPY_PHASE_STRIP = NO;
				DEBUG_INFORMATION_FORMAT = "dwarf-with-dsym";
				ENABLE_NS_ASSERTIONS = NO;
				ENABLE_STRICT_OBJC_MSGSEND = YES;
				GCC_C_LANGUAGE_STANDARD = gnu11;
				GCC_NO_COMMON_BLOCKS = YES;
				GCC_WARN_64_TO_32_BIT_CONVERSION = YES;
				GCC_WARN_ABOUT_RETURN_TYPE = YES_ERROR;
				GCC_WARN_UNDECLARED_SELECTOR = YES;
				GCC_WARN_UNINITIALIZED_AUTOS = YES_AGGRESSIVE;
				GCC_WARN_UNUSED_FUNCTION = YES;
				GCC_WARN_UNUSED_VARIABLE = YES;
				IPHONEOS_DEPLOYMENT_TARGET = 12.2;
				MTL_ENABLE_DEBUG_INFO = NO;
				MTL_FAST_MATH = YES;
				SDKROOT = iphoneos;
				SWIFT_COMPILATION_MODE = wholemodule;
				SWIFT_OPTIMIZATION_LEVEL = "-O";
				VALIDATE_PRODUCT = YES;
			};
			name = Release;
		};
		533440BF229DFD02002D6E22 /* Debug */ = {
			isa = XCBuildConfiguration;
			baseConfigurationReference = 102CE5F7A80C0B71F51B18D6 /* Pods-BydrecTest.debug.xcconfig */;
			buildSettings = {
				ASSETCATALOG_COMPILER_APPICON_NAME = AppIcon;
				CODE_SIGN_STYLE = Automatic;
				INFOPLIST_FILE = BydrecTest/Info.plist;
				LD_RUNPATH_SEARCH_PATHS = (
					"$(inherited)",
					"@executable_path/Frameworks",
				);
				PRODUCT_BUNDLE_IDENTIFIER = com.marianocornejo.BydrecTest;
				PRODUCT_NAME = "$(TARGET_NAME)";
				SWIFT_VERSION = 5.0;
				TARGETED_DEVICE_FAMILY = "1,2";
			};
			name = Debug;
		};
		533440C0229DFD02002D6E22 /* Release */ = {
			isa = XCBuildConfiguration;
			baseConfigurationReference = 6C6344C2A4CF7F1274898942 /* Pods-BydrecTest.release.xcconfig */;
			buildSettings = {
				ASSETCATALOG_COMPILER_APPICON_NAME = AppIcon;
				CODE_SIGN_STYLE = Automatic;
				INFOPLIST_FILE = BydrecTest/Info.plist;
				LD_RUNPATH_SEARCH_PATHS = (
					"$(inherited)",
					"@executable_path/Frameworks",
				);
				PRODUCT_BUNDLE_IDENTIFIER = com.marianocornejo.BydrecTest;
				PRODUCT_NAME = "$(TARGET_NAME)";
				SWIFT_VERSION = 5.0;
				TARGETED_DEVICE_FAMILY = "1,2";
			};
			name = Release;
		};
/* End XCBuildConfiguration section */

/* Begin XCConfigurationList section */
		533440A7229DFD00002D6E22 /* Build configuration list for PBXProject "BydrecTest" */ = {
			isa = XCConfigurationList;
			buildConfigurations = (
				533440BC229DFD02002D6E22 /* Debug */,
				533440BD229DFD02002D6E22 /* Release */,
			);
			defaultConfigurationIsVisible = 0;
			defaultConfigurationName = Release;
		};
		533440BE229DFD02002D6E22 /* Build configuration list for PBXNativeTarget "BydrecTest" */ = {
			isa = XCConfigurationList;
			buildConfigurations = (
				533440BF229DFD02002D6E22 /* Debug */,
				533440C0229DFD02002D6E22 /* Release */,
			);
			defaultConfigurationIsVisible = 0;
			defaultConfigurationName = Release;
		};
/* End XCConfigurationList section */
	};
	rootObject = 533440A4229DFD00002D6E22 /* Project object */;
}
